{
  "name": "worker",
  "lockfileVersion": 3,
  "requires": true,
  "packages": {
    "": {
      "dependencies": {
        "deno": "^2.3.6"
      }
    },
    "node_modules/@deno/darwin-arm64": {
      "version": "2.3.6",
      "resolved": "https://registry.npmjs.org/@deno/darwin-arm64/-/darwin-arm64-2.3.6.tgz",
      "integrity": "sha512-9G4TrwKeQWUxfGSVnlizSMfGuU4Oc7eku7swv7ol6kVpNGuFoSunYcULMpLSve9/0HACFJdNy3Pf7GWlW0oWOQ==",
      "cpu": [
        "arm64"
      ],
      "license": "MIT",
      "optional": true,
      "os": [
        "darwin"
      ]
    },
    "node_modules/@deno/darwin-x64": {
      "version": "2.3.6",
      "resolved": "https://registry.npmjs.org/@deno/darwin-x64/-/darwin-x64-2.3.6.tgz",
      "integrity": "sha512-TLntEJ1r7mxlv5p6J4xR6xiLEmjV20cnkc+6GOCG1E9sLcL8qrMa5lyXP25tY1WWFie6SX7iJlDtW8BFGXtztg==",
      "cpu": [
        "x64"
      ],
      "license": "MIT",
      "optional": true,
      "os": [
        "darwin"
      ]
    },
    "node_modules/@deno/linux-arm64-glibc": {
      "version": "2.3.6",
      "resolved": "https://registry.npmjs.org/@deno/linux-arm64-glibc/-/linux-arm64-glibc-2.3.6.tgz",
      "integrity": "sha512-XRKA2QfhGINAqPBHo2SZIVTGyjVQVonB1tkiaeWYFrQPaljnZrG1qddb4NJYYBpQA34BVV6DqHtIw82UyfXuDw==",
      "cpu": [
        "arm64"
      ],
      "license": "MIT",
      "optional": true,
      "os": [
        "linux"
      ]
    },
    "node_modules/@deno/linux-x64-glibc": {
      "version": "2.3.6",
      "resolved": "https://registry.npmjs.org/@deno/linux-x64-glibc/-/linux-x64-glibc-2.3.6.tgz",
      "integrity": "sha512-gpRWNxl9xbGV3PdFnSQAguAbLnFnc8E0akVoSazXHAf+gd7J8kdlx0EIA1Zd28fCaxAkSbBlrZQvoRrixLUyAg==",
      "cpu": [
        "x64"
      ],
      "license": "MIT",
      "optional": true,
      "os": [
        "linux"
      ]
    },
    "node_modules/@deno/win32-arm64": {
      "version": "2.3.6",
      "resolved": "https://registry.npmjs.org/@deno/win32-arm64/-/win32-arm64-2.3.6.tgz",
      "integrity": "sha512-NL8qR/NFNPGb9c0a/d4V5rzPDkLEvbBsTC4dbd30/wIv5teEpvL3fk9BdsgBlfAwVv2pwph3MpG2LTGFfZnPRA==",
      "cpu": [
        "arm64"
      ],
      "license": "MIT",
      "optional": true,
      "os": [
        "win32"
      ]
    },
    "node_modules/@deno/win32-x64": {
      "version": "2.3.6",
      "resolved": "https://registry.npmjs.org/@deno/win32-x64/-/win32-x64-2.3.6.tgz",
      "integrity": "sha512-7gtv7CTRciCkVope6q7AgRZlGF4gqqKgzDdZoyM7bIg/SLJ6iW2CInS5zoFhrL+dmImw58LQOXe0xp3lb/yzGQ==",
      "cpu": [
        "x64"
      ],
      "license": "MIT",
      "optional": true,
      "os": [
        "win32"
      ]
    },
    "node_modules/deno": {
      "version": "2.3.6",
      "resolved": "https://registry.npmjs.org/deno/-/deno-2.3.6.tgz",
      "integrity": "sha512-jf7fIT42W/MTphxxqJgcJKbVvciWFfQxZ8Kl/14aPMZs6du2eWjyS51ZIJvhEh+E4STnngH5XNI3bbCrgBMdGg==",
      "hasInstallScript": true,
      "license": "MIT",
      "bin": {
        "deno": "bin.cjs"
      },
      "optionalDependencies": {
        "@deno/darwin-arm64": "2.3.6",
        "@deno/darwin-x64": "2.3.6",
        "@deno/linux-arm64-glibc": "2.3.6",
        "@deno/linux-x64-glibc": "2.3.6",
        "@deno/win32-arm64": "2.3.6",
        "@deno/win32-x64": "2.3.6"
      }
    }
  }
}
